<?xml version="1.0" encoding="utf-8"?>
<Project ToolsVersion="4.0" xmlns="http://schemas.microsoft.com/developer/msbuild/2003">
  <ItemGroup>
    <ClCompile Include="src\main.c" />
    <ClCompile Include="src\Snake\button.c" />
    <ClCompile Include="src\Snake\gameover.c" />
    <ClCompile Include="src\Snake\grid.c" />
    <ClCompile Include="src\Snake\MainMenu.c" />
    <ClCompile Include="src\Snake\snake.c" />
    <ClCompile Include="src\Snake\music.c" />
    <ClCompile Include="src\Snake\food.c" />
    <ClCompile Include="src\Snake\score.c" />
    <ClCompile Include="src\Snake\utils.c" />
    <ClCompile Include="src\Snake\pause.c" />
    <ClCompile Include="src\Snake\files.c" />
  </ItemGroup>
  <ItemGroup>
    <ClInclude Include="src\Snake\button.h" />
    <ClInclude Include="src\Snake\gameover.h" />
    <ClInclude Include="src\Snake\globals.h" />
    <ClInclude Include="src\Snake\grid.h" />
    <ClInclude Include="src\Snake\snake.h" />
    <ClInclude Include="src\Snake\sprite.h" />
    <ClInclude Include="src\Snake\utils.h" />
    <ClInclude Include="src\Snake\MainMenu.h" />
    <ClInclude Include="src\Snake\score.h" />
    <ClInclude Include="src\Snake\music.h" />
    <ClInclude Include="src\Snake\food.h" />
    <ClInclude Include="src\Snake\pause.h" />
    <ClInclude Include="src\Snake\files.h" />
  </ItemGroup>
</Project>